
Microsoft Visual Studio Solution File, Format Version 12.00
# Visual Studio Version 17
VisualStudioVersion = 17.9.34622.214
MinimumVisualStudioVersion = 10.0.40219.1
Project("{FAE04EC0-301F-11D3-BF4B-00C04F79EFBC}") = "hello world", "hello world\hello world.csproj", "{FA7C6D4D-6EF1-4473-9C9B-AED7E1C4D01E}"
EndProject
Global
	GlobalSection(SolutionConfigurationPlatforms) = preSolution
		Debug|Any CPU = Debug|Any CPU
		Release|Any CPU = Release|Any CPU
	EndGlobalSection
	GlobalSection(ProjectConfigurationPlatforms) = postSolution
		{FA7C6D4D-6EF1-4473-9C9B-AED7E1C4D01E}.Debug|Any CPU.ActiveCfg = Debug|Any CPU
		{FA7C6D4D-6EF1-4473-9C9B-AED7E1C4D01E}.Debug|Any CPU.Build.0 = Debug|Any CPU
		{FA7C6D4D-6EF1-4473-9C9B-AED7E1C4D01E}.Release|Any CPU.ActiveCfg = Release|Any CPU
		{FA7C6D4D-6EF1-4473-9C9B-AED7E1C4D01E}.Release|Any CPU.Build.0 = Release|Any CPU
	EndGlobalSection
	GlobalSection(SolutionProperties) = preSolution
		HideSolutionNode = FALSE
	EndGlobalSection
	GlobalSection(ExtensibilityGlobals) = postSolution
		SolutionGuid = {2A54043D-EE48-4640-A13B-3A24F48F9467}
	EndGlobalSection
EndGlobal
